
Microsoft Visual Studio Solution File, Format Version 12.00
# Visual Studio Version 17
VisualStudioVersion = 17.7.34018.315
MinimumVisualStudioVersion = 10.0.40219.1
Project("{FAE04EC0-301F-11D3-BF4B-00C04F79EFBC}") = "InterestCalculate", "InterestCalculate\InterestCalculate.csproj", "{E8354A7F-5B15-4BB6-95E5-55C873175907}"
EndProject
Global
	GlobalSection(SolutionConfigurationPlatforms) = preSolution
		Debug|Any CPU = Debug|Any CPU
		Release|Any CPU = Release|Any CPU
	EndGlobalSection
	GlobalSection(ProjectConfigurationPlatforms) = postSolution
		{E8354A7F-5B15-4BB6-95E5-55C873175907}.Debug|Any CPU.ActiveCfg = Debug|Any CPU
		{E8354A7F-5B15-4BB6-95E5-55C873175907}.Debug|Any CPU.Build.0 = Debug|Any CPU
		{E8354A7F-5B15-4BB6-95E5-55C873175907}.Release|Any CPU.ActiveCfg = Release|Any CPU
		{E8354A7F-5B15-4BB6-95E5-55C873175907}.Release|Any CPU.Build.0 = Release|Any CPU
	EndGlobalSection
	GlobalSection(SolutionProperties) = preSolution
		HideSolutionNode = FALSE
	EndGlobalSection
	GlobalSection(ExtensibilityGlobals) = postSolution
		SolutionGuid = {EFDFDB64-9242-4A27-993A-E50FECA98F7E}
	EndGlobalSection
EndGlobal
